
Microsoft Visual Studio Solution File, Format Version 12.00
# Visual Studio 15
VisualStudioVersion = 15.0.28307.271
MinimumVisualStudioVersion = 10.0.40219.1
Project("{9A19103F-16F7-4668-BE54-9A1E7A4F7556}") = "VolunteerSite.Domain", "VolunteerSite.Domain\VolunteerSite.Domain.csproj", "{2A3E4DBA-D5C8-4DA4-90F4-B360DF1056CC}"
EndProject
Project("{9A19103F-16F7-4668-BE54-9A1E7A4F7556}") = "VolunteerSite.Data", "VolunteerSite.Data\VolunteerSite.Data.csproj", "{00FA4408-CCC8-40A2-9DBD-328DD023DCF6}"
EndProject
Project("{9A19103F-16F7-4668-BE54-9A1E7A4F7556}") = "VolunteerSite.WebUI", "VolunteerSite.WebUI\VolunteerSite.WebUI.csproj", "{EDB8DF3C-02C9-4BBB-B71C-F99302C99583}"
EndProject
Project("{FAE04EC0-301F-11D3-BF4B-00C04F79EFBC}") = "VolunteerSite.Service", "VolunteerSite.Service\VolunteerSite.Service.csproj", "{50AEEEF3-1ED5-433A-BD1D-A641F34A5E17}"
EndProject
Global
	GlobalSection(SolutionConfigurationPlatforms) = preSolution
		Debug|Any CPU = Debug|Any CPU
		Release|Any CPU = Release|Any CPU
	EndGlobalSection
	GlobalSection(ProjectConfigurationPlatforms) = postSolution
		{2A3E4DBA-D5C8-4DA4-90F4-B360DF1056CC}.Debug|Any CPU.ActiveCfg = Debug|Any CPU
		{2A3E4DBA-D5C8-4DA4-90F4-B360DF1056CC}.Debug|Any CPU.Build.0 = Debug|Any CPU
		{2A3E4DBA-D5C8-4DA4-90F4-B360DF1056CC}.Release|Any CPU.ActiveCfg = Release|Any CPU
		{2A3E4DBA-D5C8-4DA4-90F4-B360DF1056CC}.Release|Any CPU.Build.0 = Release|Any CPU
		{00FA4408-CCC8-40A2-9DBD-328DD023DCF6}.Debug|Any CPU.ActiveCfg = Debug|Any CPU
		{00FA4408-CCC8-40A2-9DBD-328DD023DCF6}.Debug|Any CPU.Build.0 = Debug|Any CPU
		{00FA4408-CCC8-40A2-9DBD-328DD023DCF6}.Release|Any CPU.ActiveCfg = Release|Any CPU
		{00FA4408-CCC8-40A2-9DBD-328DD023DCF6}.Release|Any CPU.Build.0 = Release|Any CPU
		{EDB8DF3C-02C9-4BBB-B71C-F99302C99583}.Debug|Any CPU.ActiveCfg = Debug|Any CPU
		{EDB8DF3C-02C9-4BBB-B71C-F99302C99583}.Debug|Any CPU.Build.0 = Debug|Any CPU
		{EDB8DF3C-02C9-4BBB-B71C-F99302C99583}.Release|Any CPU.ActiveCfg = Release|Any CPU
		{EDB8DF3C-02C9-4BBB-B71C-F99302C99583}.Release|Any CPU.Build.0 = Release|Any CPU
		{50AEEEF3-1ED5-433A-BD1D-A641F34A5E17}.Debug|Any CPU.ActiveCfg = Debug|Any CPU
		{50AEEEF3-1ED5-433A-BD1D-A641F34A5E17}.Debug|Any CPU.Build.0 = Debug|Any CPU
		{50AEEEF3-1ED5-433A-BD1D-A641F34A5E17}.Release|Any CPU.ActiveCfg = Release|Any CPU
		{50AEEEF3-1ED5-433A-BD1D-A641F34A5E17}.Release|Any CPU.Build.0 = Release|Any CPU
	EndGlobalSection
	GlobalSection(SolutionProperties) = preSolution
		HideSolutionNode = FALSE
	EndGlobalSection
	GlobalSection(ExtensibilityGlobals) = postSolution
		SolutionGuid = {13551898-03AC-4F66-8AA6-9A5FCB40892F}
	EndGlobalSection
EndGlobal
